// !$*UTF8*$!
{
	archiveVersion = 1;
	classes = {
	};
	objectVersion = 51;
	objects = {

/* Begin PBXBuildFile section */
		8B166FE3B0D3F3FD381F80BE /* Pods_iTunesSearchRxMvvm.framework in Frameworks */ = {isa = PBXBuildFile; fileRef = 31339A2B5258BA835CB36D8B /* Pods_iTunesSearchRxMvvm.framework */; };
		EEE3602F262AD50700FFA0AC /* AppDelegate.swift in Sources */ = {isa = PBXBuildFile; fileRef = EEE3602E262AD50700FFA0AC /* AppDelegate.swift */; };
		EEE36031262AD50700FFA0AC /* SceneDelegate.swift in Sources */ = {isa = PBXBuildFile; fileRef = EEE36030262AD50700FFA0AC /* SceneDelegate.swift */; };
		EEE36033262AD50700FFA0AC /* SplashViewController.swift in Sources */ = {isa = PBXBuildFile; fileRef = EEE36032262AD50700FFA0AC /* SplashViewController.swift */; };
		EEE36036262AD50800FFA0AC /* Splash.storyboard in Resources */ = {isa = PBXBuildFile; fileRef = EEE36034262AD50800FFA0AC /* Splash.storyboard */; };
		EEE36038262AD50A00FFA0AC /* Assets.xcassets in Resources */ = {isa = PBXBuildFile; fileRef = EEE36037262AD50A00FFA0AC /* Assets.xcassets */; };
		EEE3603B262AD50A00FFA0AC /* LaunchScreen.storyboard in Resources */ = {isa = PBXBuildFile; fileRef = EEE36039262AD50A00FFA0AC /* LaunchScreen.storyboard */; };
		EEE36060262AEA6200FFA0AC /* DiContainer.swift in Sources */ = {isa = PBXBuildFile; fileRef = EEE3605F262AEA6200FFA0AC /* DiContainer.swift */; };
		EEE36081262AF37200FFA0AC /* SearchViewController.swift in Sources */ = {isa = PBXBuildFile; fileRef = EEE36080262AF37200FFA0AC /* SearchViewController.swift */; };
		EEE36084262F196100FFA0AC /* Search.storyboard in Resources */ = {isa = PBXBuildFile; fileRef = EEE36083262F196000FFA0AC /* Search.storyboard */; };
		EEE36088262F247A00FFA0AC /* BaseViewController.swift in Sources */ = {isa = PBXBuildFile; fileRef = EEE36087262F247A00FFA0AC /* BaseViewController.swift */; };
		EEE3608B262F24D000FFA0AC /* BaseViewModel.swift in Sources */ = {isa = PBXBuildFile; fileRef = EEE3608A262F24D000FFA0AC /* BaseViewModel.swift */; };
		EEE3608F262F250E00FFA0AC /* SplashViewModel.swift in Sources */ = {isa = PBXBuildFile; fileRef = EEE3608E262F250E00FFA0AC /* SplashViewModel.swift */; };
		EEE36094262F277000FFA0AC /* SearchViewModel.swift in Sources */ = {isa = PBXBuildFile; fileRef = EEE36093262F277000FFA0AC /* SearchViewModel.swift */; };
		EEE360D9263040AE00FFA0AC /* SearchResponse.swift in Sources */ = {isa = PBXBuildFile; fileRef = EEE360D8263040AE00FFA0AC /* SearchResponse.swift */; };
		EEE360DE263040C800FFA0AC /* SearchInfoResponse.swift in Sources */ = {isa = PBXBuildFile; fileRef = EEE360DD263040C800FFA0AC /* SearchInfoResponse.swift */; };
		EEE360E32630422300FFA0AC /* ApiServiceType.swift in Sources */ = {isa = PBXBuildFile; fileRef = EEE360E22630422300FFA0AC /* ApiServiceType.swift */; };
		EEE360E62630425A00FFA0AC /* ApiService.swift in Sources */ = {isa = PBXBuildFile; fileRef = EEE360E52630425A00FFA0AC /* ApiService.swift */; };
		EEE360EE263394B100FFA0AC /* SearchInfoTableViewCell.swift in Sources */ = {isa = PBXBuildFile; fileRef = EEE360EC263394B100FFA0AC /* SearchInfoTableViewCell.swift */; };
		EEE360EF263394B100FFA0AC /* SearchInfoTableViewCell.xib in Resources */ = {isa = PBXBuildFile; fileRef = EEE360ED263394B100FFA0AC /* SearchInfoTableViewCell.xib */; };
		EEE360FC26339CCA00FFA0AC /* UIImageView+Extension.swift in Sources */ = {isa = PBXBuildFile; fileRef = EEE360FB26339CCA00FFA0AC /* UIImageView+Extension.swift */; };
		EEE361012633AF0400FFA0AC /* SearchInfoModel.swift in Sources */ = {isa = PBXBuildFile; fileRef = EEE361002633AF0400FFA0AC /* SearchInfoModel.swift */; };
/* End PBXBuildFile section */

/* Begin PBXFileReference section */
		1AF61BCA543C192AE30B8329 /* Pods-iTunesSearchRxMvvm.release.xcconfig */ = {isa = PBXFileReference; includeInIndex = 1; lastKnownFileType = text.xcconfig; name = "Pods-iTunesSearchRxMvvm.release.xcconfig"; path = "Target Support Files/Pods-iTunesSearchRxMvvm/Pods-iTunesSearchRxMvvm.release.xcconfig"; sourceTree = "<group>"; };
		31339A2B5258BA835CB36D8B /* Pods_iTunesSearchRxMvvm.framework */ = {isa = PBXFileReference; explicitFileType = wrapper.framework; includeInIndex = 0; path = Pods_iTunesSearchRxMvvm.framework; sourceTree = BUILT_PRODUCTS_DIR; };
		E0118BF1DB5604ADB7AE09FF /* Pods-iTunesSearchRxMvvm.debug.xcconfig */ = {isa = PBXFileReference; includeInIndex = 1; lastKnownFileType = text.xcconfig; name = "Pods-iTunesSearchRxMvvm.debug.xcconfig"; path = "Target Support Files/Pods-iTunesSearchRxMvvm/Pods-iTunesSearchRxMvvm.debug.xcconfig"; sourceTree = "<group>"; };
		EEE3602B262AD50700FFA0AC /* iTunesSearchRxMvvm.app */ = {isa = PBXFileReference; explicitFileType = wrapper.application; includeInIndex = 0; path = iTunesSearchRxMvvm.app; sourceTree = BUILT_PRODUCTS_DIR; };
		EEE3602E262AD50700FFA0AC /* AppDelegate.swift */ = {isa = PBXFileReference; lastKnownFileType = sourcecode.swift; path = AppDelegate.swift; sourceTree = "<group>"; };
		EEE36030262AD50700FFA0AC /* SceneDelegate.swift */ = {isa = PBXFileReference; lastKnownFileType = sourcecode.swift; path = SceneDelegate.swift; sourceTree = "<group>"; };
		EEE36032262AD50700FFA0AC /* SplashViewController.swift */ = {isa = PBXFileReference; lastKnownFileType = sourcecode.swift; path = SplashViewController.swift; sourceTree = "<group>"; };
		EEE36035262AD50800FFA0AC /* Base */ = {isa = PBXFileReference; lastKnownFileType = file.storyboard; name = Base; path = Base.lproj/Splash.storyboard; sourceTree = "<group>"; };
		EEE36037262AD50A00FFA0AC /* Assets.xcassets */ = {isa = PBXFileReference; lastKnownFileType = folder.assetcatalog; path = Assets.xcassets; sourceTree = "<group>"; };
		EEE3603A262AD50A00FFA0AC /* Base */ = {isa = PBXFileReference; lastKnownFileType = file.storyboard; name = Base; path = Base.lproj/LaunchScreen.storyboard; sourceTree = "<group>"; };
		EEE3603C262AD50A00FFA0AC /* Info.plist */ = {isa = PBXFileReference; lastKnownFileType = text.plist.xml; path = Info.plist; sourceTree = "<group>"; };
		EEE3605F262AEA6200FFA0AC /* DiContainer.swift */ = {isa = PBXFileReference; lastKnownFileType = sourcecode.swift; path = DiContainer.swift; sourceTree = "<group>"; };
		EEE36080262AF37200FFA0AC /* SearchViewController.swift */ = {isa = PBXFileReference; lastKnownFileType = sourcecode.swift; path = SearchViewController.swift; sourceTree = "<group>"; };
		EEE36083262F196000FFA0AC /* Search.storyboard */ = {isa = PBXFileReference; lastKnownFileType = file.storyboard; path = Search.storyboard; sourceTree = "<group>"; };
		EEE36087262F247A00FFA0AC /* BaseViewController.swift */ = {isa = PBXFileReference; lastKnownFileType = sourcecode.swift; path = BaseViewController.swift; sourceTree = "<group>"; };
		EEE3608A262F24D000FFA0AC /* BaseViewModel.swift */ = {isa = PBXFileReference; lastKnownFileType = sourcecode.swift; path = BaseViewModel.swift; sourceTree = "<group>"; };
		EEE3608E262F250E00FFA0AC /* SplashViewModel.swift */ = {isa = PBXFileReference; lastKnownFileType = sourcecode.swift; path = SplashViewModel.swift; sourceTree = "<group>"; };
		EEE36093262F277000FFA0AC /* SearchViewModel.swift */ = {isa = PBXFileReference; lastKnownFileType = sourcecode.swift; path = SearchViewModel.swift; sourceTree = "<group>"; };
		EEE360D8263040AE00FFA0AC /* SearchResponse.swift */ = {isa = PBXFileReference; lastKnownFileType = sourcecode.swift; path = SearchResponse.swift; sourceTree = "<group>"; };
		EEE360DD263040C800FFA0AC /* SearchInfoResponse.swift */ = {isa = PBXFileReference; lastKnownFileType = sourcecode.swift; path = SearchInfoResponse.swift; sourceTree = "<group>"; };
		EEE360E22630422300FFA0AC /* ApiServiceType.swift */ = {isa = PBXFileReference; lastKnownFileType = sourcecode.swift; path = ApiServiceType.swift; sourceTree = "<group>"; };
		EEE360E52630425A00FFA0AC /* ApiService.swift */ = {isa = PBXFileReference; lastKnownFileType = sourcecode.swift; path = ApiService.swift; sourceTree = "<group>"; };
		EEE360EC263394B100FFA0AC /* SearchInfoTableViewCell.swift */ = {isa = PBXFileReference; lastKnownFileType = sourcecode.swift; path = SearchInfoTableViewCell.swift; sourceTree = "<group>"; };
		EEE360ED263394B100FFA0AC /* SearchInfoTableViewCell.xib */ = {isa = PBXFileReference; lastKnownFileType = file.xib; path = SearchInfoTableViewCell.xib; sourceTree = "<group>"; };
		EEE360FB26339CCA00FFA0AC /* UIImageView+Extension.swift */ = {isa = PBXFileReference; lastKnownFileType = sourcecode.swift; path = "UIImageView+Extension.swift"; sourceTree = "<group>"; };
		EEE361002633AF0400FFA0AC /* SearchInfoModel.swift */ = {isa = PBXFileReference; lastKnownFileType = sourcecode.swift; path = SearchInfoModel.swift; sourceTree = "<group>"; };
/* End PBXFileReference section */

/* Begin PBXFrameworksBuildPhase section */
		EEE36028262AD50700FFA0AC /* Frameworks */ = {
			isa = PBXFrameworksBuildPhase;
			buildActionMask = 2147483647;
			files = (
				8B166FE3B0D3F3FD381F80BE /* Pods_iTunesSearchRxMvvm.framework in Frameworks */,
			);
			runOnlyForDeploymentPostprocessing = 0;
		};
/* End PBXFrameworksBuildPhase section */

/* Begin PBXGroup section */
		99BE0F299CC21EDB25336420 /* Frameworks */ = {
			isa = PBXGroup;
			children = (
				31339A2B5258BA835CB36D8B /* Pods_iTunesSearchRxMvvm.framework */,
			);
			name = Frameworks;
			sourceTree = "<group>";
		};
		C31C7BD1A4C5A8C11B6266D5 /* Pods */ = {
			isa = PBXGroup;
			children = (
				E0118BF1DB5604ADB7AE09FF /* Pods-iTunesSearchRxMvvm.debug.xcconfig */,
				1AF61BCA543C192AE30B8329 /* Pods-iTunesSearchRxMvvm.release.xcconfig */,
			);
			path = Pods;
			sourceTree = "<group>";
		};
		EEE36022262AD50700FFA0AC = {
			isa = PBXGroup;
			children = (
				EEE3602D262AD50700FFA0AC /* iTunesSearchRxMvvm */,
				EEE3602C262AD50700FFA0AC /* Products */,
				C31C7BD1A4C5A8C11B6266D5 /* Pods */,
				99BE0F299CC21EDB25336420 /* Frameworks */,
			);
			sourceTree = "<group>";
		};
		EEE3602C262AD50700FFA0AC /* Products */ = {
			isa = PBXGroup;
			children = (
				EEE3602B262AD50700FFA0AC /* iTunesSearchRxMvvm.app */,
			);
			name = Products;
			sourceTree = "<group>";
		};
		EEE3602D262AD50700FFA0AC /* iTunesSearchRxMvvm */ = {
			isa = PBXGroup;
			children = (
				EEE3606F262AF25100FFA0AC /* application */,
				EEE36074262AF29200FFA0AC /* assets */,
				EEE36086262F246500FFA0AC /* base */,
				EEE360FA26339CB500FFA0AC /* extension */,
				EEE3605D262AEA4B00FFA0AC /* di */,
				EEE360D026303F3C00FFA0AC /* network */,
				EEE360FF2633AEEE00FFA0AC /* model */,
				EEE36071262AF26400FFA0AC /* ui */,
				EEE3603C262AD50A00FFA0AC /* Info.plist */,
			);
			path = iTunesSearchRxMvvm;
			sourceTree = "<group>";
		};
		EEE3605D262AEA4B00FFA0AC /* di */ = {
			isa = PBXGroup;
			children = (
				EEE3605F262AEA6200FFA0AC /* DiContainer.swift */,
			);
			path = di;
			sourceTree = "<group>";
		};
		EEE3606F262AF25100FFA0AC /* application */ = {
			isa = PBXGroup;
			children = (
				EEE3602E262AD50700FFA0AC /* AppDelegate.swift */,
				EEE36030262AD50700FFA0AC /* SceneDelegate.swift */,
				EEE36039262AD50A00FFA0AC /* LaunchScreen.storyboard */,
			);
			path = application;
			sourceTree = "<group>";
		};
		EEE36071262AF26400FFA0AC /* ui */ = {
			isa = PBXGroup;
			children = (
				EEE3607F262AF36A00FFA0AC /* search */,
				EEE36072262AF26900FFA0AC /* splash */,
			);
			path = ui;
			sourceTree = "<group>";
		};
		EEE36072262AF26900FFA0AC /* splash */ = {
			isa = PBXGroup;
			children = (
				EEE36032262AD50700FFA0AC /* SplashViewController.swift */,
				EEE3608E262F250E00FFA0AC /* SplashViewModel.swift */,
				EEE36034262AD50800FFA0AC /* Splash.storyboard */,
			);
			path = splash;
			sourceTree = "<group>";
		};
		EEE36074262AF29200FFA0AC /* assets */ = {
			isa = PBXGroup;
			children = (
				EEE36037262AD50A00FFA0AC /* Assets.xcassets */,
			);
			path = assets;
			sourceTree = "<group>";
		};
		EEE3607F262AF36A00FFA0AC /* search */ = {
			isa = PBXGroup;
			children = (
				EEE36080262AF37200FFA0AC /* SearchViewController.swift */,
				EEE36093262F277000FFA0AC /* SearchViewModel.swift */,
				EEE36083262F196000FFA0AC /* Search.storyboard */,
				EEE360EC263394B100FFA0AC /* SearchInfoTableViewCell.swift */,
				EEE360ED263394B100FFA0AC /* SearchInfoTableViewCell.xib */,
			);
			path = search;
			sourceTree = "<group>";
		};
		EEE36086262F246500FFA0AC /* base */ = {
			isa = PBXGroup;
			children = (
				EEE36087262F247A00FFA0AC /* BaseViewController.swift */,
				EEE3608A262F24D000FFA0AC /* BaseViewModel.swift */,
			);
			path = base;
			sourceTree = "<group>";
		};
		EEE360D026303F3C00FFA0AC /* network */ = {
			isa = PBXGroup;
			children = (
				EEE360D7263040A500FFA0AC /* model */,
				EEE360E22630422300FFA0AC /* ApiServiceType.swift */,
				EEE360E52630425A00FFA0AC /* ApiService.swift */,
			);
			path = network;
			sourceTree = "<group>";
		};
		EEE360D7263040A500FFA0AC /* model */ = {
			isa = PBXGroup;
			children = (
				EEE360D8263040AE00FFA0AC /* SearchResponse.swift */,
				EEE360DD263040C800FFA0AC /* SearchInfoResponse.swift */,
			);
			path = model;
			sourceTree = "<group>";
		};
		EEE360FA26339CB500FFA0AC /* extension */ = {
			isa = PBXGroup;
			children = (
				EEE360FB26339CCA00FFA0AC /* UIImageView+Extension.swift */,
			);
			path = extension;
			sourceTree = "<group>";
		};
		EEE360FF2633AEEE00FFA0AC /* model */ = {
			isa = PBXGroup;
			children = (
				EEE361002633AF0400FFA0AC /* SearchInfoModel.swift */,
			);
			path = model;
			sourceTree = "<group>";
		};
/* End PBXGroup section */

/* Begin PBXNativeTarget section */
		EEE3602A262AD50700FFA0AC /* iTunesSearchRxMvvm */ = {
			isa = PBXNativeTarget;
			buildConfigurationList = EEE3603F262AD50A00FFA0AC /* Build configuration list for PBXNativeTarget "iTunesSearchRxMvvm" */;
			buildPhases = (
				81A07675F93F75A6BDF1B9D7 /* [CP] Check Pods Manifest.lock */,
				EEE36027262AD50700FFA0AC /* Sources */,
				EEE36028262AD50700FFA0AC /* Frameworks */,
				EEE36029262AD50700FFA0AC /* Resources */,
				E79E7F2D7081818919115525 /* [CP] Embed Pods Frameworks */,
			);
			buildRules = (
			);
			dependencies = (
			);
			name = iTunesSearchRxMvvm;
			productName = iTunesSearchRxMvvm;
			productReference = EEE3602B262AD50700FFA0AC /* iTunesSearchRxMvvm.app */;
			productType = "com.apple.product-type.application";
		};
/* End PBXNativeTarget section */

/* Begin PBXProject section */
		EEE36023262AD50700FFA0AC /* Project object */ = {
			isa = PBXProject;
			attributes = {
				LastSwiftUpdateCheck = 1240;
				LastUpgradeCheck = 1240;
				TargetAttributes = {
					EEE3602A262AD50700FFA0AC = {
						CreatedOnToolsVersion = 12.4;
					};
				};
			};
			buildConfigurationList = EEE36026262AD50700FFA0AC /* Build configuration list for PBXProject "iTunesSearchRxMvvm" */;
			compatibilityVersion = "Xcode 9.3";
			developmentRegion = en;
			hasScannedForEncodings = 0;
			knownRegions = (
				en,
				Base,
			);
			mainGroup = EEE36022262AD50700FFA0AC;
			productRefGroup = EEE3602C262AD50700FFA0AC /* Products */;
			projectDirPath = "";
			projectRoot = "";
			targets = (
				EEE3602A262AD50700FFA0AC /* iTunesSearchRxMvvm */,
			);
		};
/* End PBXProject section */

/* Begin PBXResourcesBuildPhase section */
		EEE36029262AD50700FFA0AC /* Resources */ = {
			isa = PBXResourcesBuildPhase;
			buildActionMask = 2147483647;
			files = (
				EEE3603B262AD50A00FFA0AC /* LaunchScreen.storyboard in Resources */,
				EEE36038262AD50A00FFA0AC /* Assets.xcassets in Resources */,
				EEE36084262F196100FFA0AC /* Search.storyboard in Resources */,
				EEE36036262AD50800FFA0AC /* Splash.storyboard in Resources */,
				EEE360EF263394B100FFA0AC /* SearchInfoTableViewCell.xib in Resources */,
			);
			runOnlyForDeploymentPostprocessing = 0;
		};
/* End PBXResourcesBuildPhase section */

/* Begin PBXShellScriptBuildPhase section */
		81A07675F93F75A6BDF1B9D7 /* [CP] Check Pods Manifest.lock */ = {
			isa = PBXShellScriptBuildPhase;
			buildActionMask = 2147483647;
			files = (
			);
			inputFileListPaths = (
			);
			inputPaths = (
				"${PODS_PODFILE_DIR_PATH}/Podfile.lock",
				"${PODS_ROOT}/Manifest.lock",
			);
			name = "[CP] Check Pods Manifest.lock";
			outputFileListPaths = (
			);
			outputPaths = (
				"$(DERIVED_FILE_DIR)/Pods-iTunesSearchRxMvvm-checkManifestLockResult.txt",
			);
			runOnlyForDeploymentPostprocessing = 0;
			shellPath = /bin/sh;
			shellScript = "diff \"${PODS_PODFILE_DIR_PATH}/Podfile.lock\" \"${PODS_ROOT}/Manifest.lock\" > /dev/null\nif [ $? != 0 ] ; then\n    # print error to STDERR\n    echo \"error: The sandbox is not in sync with the Podfile.lock. Run 'pod install' or update your CocoaPods installation.\" >&2\n    exit 1\nfi\n# This output is used by Xcode 'outputs' to avoid re-running this script phase.\necho \"SUCCESS\" > \"${SCRIPT_OUTPUT_FILE_0}\"\n";
			showEnvVarsInLog = 0;
		};
		E79E7F2D7081818919115525 /* [CP] Embed Pods Frameworks */ = {
			isa = PBXShellScriptBuildPhase;
			buildActionMask = 2147483647;
			files = (
			);
			inputFileListPaths = (
				"${PODS_ROOT}/Target Support Files/Pods-iTunesSearchRxMvvm/Pods-iTunesSearchRxMvvm-frameworks-${CONFIGURATION}-input-files.xcfilelist",
			);
			name = "[CP] Embed Pods Frameworks";
			outputFileListPaths = (
				"${PODS_ROOT}/Target Support Files/Pods-iTunesSearchRxMvvm/Pods-iTunesSearchRxMvvm-frameworks-${CONFIGURATION}-output-files.xcfilelist",
			);
			runOnlyForDeploymentPostprocessing = 0;
			shellPath = /bin/sh;
			shellScript = "\"${PODS_ROOT}/Target Support Files/Pods-iTunesSearchRxMvvm/Pods-iTunesSearchRxMvvm-frameworks.sh\"\n";
			showEnvVarsInLog = 0;
		};
/* End PBXShellScriptBuildPhase section */

/* Begin PBXSourcesBuildPhase section */
		EEE36027262AD50700FFA0AC /* Sources */ = {
			isa = PBXSourcesBuildPhase;
			buildActionMask = 2147483647;
			files = (
				EEE360FC26339CCA00FFA0AC /* UIImageView+Extension.swift in Sources */,
				EEE360E32630422300FFA0AC /* ApiServiceType.swift in Sources */,
				EEE360EE263394B100FFA0AC /* SearchInfoTableViewCell.swift in Sources */,
				EEE361012633AF0400FFA0AC /* SearchInfoModel.swift in Sources */,
				EEE36081262AF37200FFA0AC /* SearchViewController.swift in Sources */,
				EEE36033262AD50700FFA0AC /* SplashViewController.swift in Sources */,
				EEE3602F262AD50700FFA0AC /* AppDelegate.swift in Sources */,
				EEE3608B262F24D000FFA0AC /* BaseViewModel.swift in Sources */,
				EEE360DE263040C800FFA0AC /* SearchInfoResponse.swift in Sources */,
				EEE36060262AEA6200FFA0AC /* DiContainer.swift in Sources */,
				EEE360E62630425A00FFA0AC /* ApiService.swift in Sources */,
				EEE360D9263040AE00FFA0AC /* SearchResponse.swift in Sources */,
				EEE3608F262F250E00FFA0AC /* SplashViewModel.swift in Sources */,
				EEE36094262F277000FFA0AC /* SearchViewModel.swift in Sources */,
				EEE36031262AD50700FFA0AC /* SceneDelegate.swift in Sources */,
				EEE36088262F247A00FFA0AC /* BaseViewController.swift in Sources */,
			);
			runOnlyForDeploymentPostprocessing = 0;
		};
/* End PBXSourcesBuildPhase section */

/* Begin PBXVariantGroup section */
		EEE36034262AD50800FFA0AC /* Splash.storyboard */ = {
			isa = PBXVariantGroup;
			children = (
				EEE36035262AD50800FFA0AC /* Base */,
			);
			name = Splash.storyboard;
			sourceTree = "<group>";
		};
		EEE36039262AD50A00FFA0AC /* LaunchScreen.storyboard */ = {
			isa = PBXVariantGroup;
			children = (
				EEE3603A262AD50A00FFA0AC /* Base */,
			);
			name = LaunchScreen.storyboard;
			sourceTree = "<group>";
		};
/* End PBXVariantGroup section */

/* Begin XCBuildConfiguration section */
		EEE3603D262AD50A00FFA0AC /* Debug */ = {
			isa = XCBuildConfiguration;
			buildSettings = {
				ALWAYS_SEARCH_USER_PATHS = NO;
				CLANG_ANALYZER_NONNULL = YES;
				CLANG_ANALYZER_NUMBER_OBJECT_CONVERSION = YES_AGGRESSIVE;
				CLANG_CXX_LANGUAGE_STANDARD = "gnu++14";
				CLANG_CXX_LIBRARY = "libc++";
				CLANG_ENABLE_MODULES = YES;
				CLANG_ENABLE_OBJC_ARC = YES;
				CLANG_ENABLE_OBJC_WEAK = YES;
				CLANG_WARN_BLOCK_CAPTURE_AUTORELEASING = YES;
				CLANG_WARN_BOOL_CONVERSION = YES;
				CLANG_WARN_COMMA = YES;
				CLANG_WARN_CONSTANT_CONVERSION = YES;
				CLANG_WARN_DEPRECATED_OBJC_IMPLEMENTATIONS = YES;
				CLANG_WARN_DIRECT_OBJC_ISA_USAGE = YES_ERROR;
				CLANG_WARN_DOCUMENTATION_COMMENTS = YES;
				CLANG_WARN_EMPTY_BODY = YES;
				CLANG_WARN_ENUM_CONVERSION = YES;
				CLANG_WARN_INFINITE_RECURSION = YES;
				CLANG_WARN_INT_CONVERSION = YES;
				CLANG_WARN_NON_LITERAL_NULL_CONVERSION = YES;
				CLANG_WARN_OBJC_IMPLICIT_RETAIN_SELF = YES;
				CLANG_WARN_OBJC_LITERAL_CONVERSION = YES;
				CLANG_WARN_OBJC_ROOT_CLASS = YES_ERROR;
				CLANG_WARN_QUOTED_INCLUDE_IN_FRAMEWORK_HEADER = YES;
				CLANG_WARN_RANGE_LOOP_ANALYSIS = YES;
				CLANG_WARN_STRICT_PROTOTYPES = YES;
				CLANG_WARN_SUSPICIOUS_MOVE = YES;
				CLANG_WARN_UNGUARDED_AVAILABILITY = YES_AGGRESSIVE;
				CLANG_WARN_UNREACHABLE_CODE = YES;
				CLANG_WARN__DUPLICATE_METHOD_MATCH = YES;
				COPY_PHASE_STRIP = NO;
				DEBUG_INFORMATION_FORMAT = dwarf;
				ENABLE_STRICT_OBJC_MSGSEND = YES;
				ENABLE_TESTABILITY = YES;
				GCC_C_LANGUAGE_STANDARD = gnu11;
				GCC_DYNAMIC_NO_PIC = NO;
				GCC_NO_COMMON_BLOCKS = YES;
				GCC_OPTIMIZATION_LEVEL = 0;
				GCC_PREPROCESSOR_DEFINITIONS = (
					"DEBUG=1",
					"$(inherited)",
				);
				GCC_WARN_64_TO_32_BIT_CONVERSION = YES;
				GCC_WARN_ABOUT_RETURN_TYPE = YES_ERROR;
				GCC_WARN_UNDECLARED_SELECTOR = YES;
				GCC_WARN_UNINITIALIZED_AUTOS = YES_AGGRESSIVE;
				GCC_WARN_UNUSED_FUNCTION = YES;
				GCC_WARN_UNUSED_VARIABLE = YES;
				IPHONEOS_DEPLOYMENT_TARGET = 14.4;
				MTL_ENABLE_DEBUG_INFO = INCLUDE_SOURCE;
				MTL_FAST_MATH = YES;
				ONLY_ACTIVE_ARCH = YES;
				SDKROOT = iphoneos;
				SWIFT_ACTIVE_COMPILATION_CONDITIONS = DEBUG;
				SWIFT_OPTIMIZATION_LEVEL = "-Onone";
			};
			name = Debug;
		};
		EEE3603E262AD50A00FFA0AC /* Release */ = {
			isa = XCBuildConfiguration;
			buildSettings = {
				ALWAYS_SEARCH_USER_PATHS = NO;
				CLANG_ANALYZER_NONNULL = YES;
				CLANG_ANALYZER_NUMBER_OBJECT_CONVERSION = YES_AGGRESSIVE;
				CLANG_CXX_LANGUAGE_STANDARD = "gnu++14";
				CLANG_CXX_LIBRARY = "libc++";
				CLANG_ENABLE_MODULES = YES;
				CLANG_ENABLE_OBJC_ARC = YES;
				CLANG_ENABLE_OBJC_WEAK = YES;
				CLANG_WARN_BLOCK_CAPTURE_AUTORELEASING = YES;
				CLANG_WARN_BOOL_CONVERSION = YES;
				CLANG_WARN_COMMA = YES;
				CLANG_WARN_CONSTANT_CONVERSION = YES;
				CLANG_WARN_DEPRECATED_OBJC_IMPLEMENTATIONS = YES;
				CLANG_WARN_DIRECT_OBJC_ISA_USAGE = YES_ERROR;
				CLANG_WARN_DOCUMENTATION_COMMENTS = YES;
				CLANG_WARN_EMPTY_BODY = YES;
				CLANG_WARN_ENUM_CONVERSION = YES;
				CLANG_WARN_INFINITE_RECURSION = YES;
				CLANG_WARN_INT_CONVERSION = YES;
				CLANG_WARN_NON_LITERAL_NULL_CONVERSION = YES;
				CLANG_WARN_OBJC_IMPLICIT_RETAIN_SELF = YES;
				CLANG_WARN_OBJC_LITERAL_CONVERSION = YES;
				CLANG_WARN_OBJC_ROOT_CLASS = YES_ERROR;
				CLANG_WARN_QUOTED_INCLUDE_IN_FRAMEWORK_HEADER = YES;
				CLANG_WARN_RANGE_LOOP_ANALYSIS = YES;
				CLANG_WARN_STRICT_PROTOTYPES = YES;
				CLANG_WARN_SUSPICIOUS_MOVE = YES;
				CLANG_WARN_UNGUARDED_AVAILABILITY = YES_AGGRESSIVE;
				CLANG_WARN_UNREACHABLE_CODE = YES;
				CLANG_WARN__DUPLICATE_METHOD_MATCH = YES;
				COPY_PHASE_STRIP = NO;
				DEBUG_INFORMATION_FORMAT = "dwarf-with-dsym";
				ENABLE_NS_ASSERTIONS = NO;
				ENABLE_STRICT_OBJC_MSGSEND = YES;
				GCC_C_LANGUAGE_STANDARD = gnu11;
				GCC_NO_COMMON_BLOCKS = YES;
				GCC_WARN_64_TO_32_BIT_CONVERSION = YES;
				GCC_WARN_ABOUT_RETURN_TYPE = YES_ERROR;
				GCC_WARN_UNDECLARED_SELECTOR = YES;
				GCC_WARN_UNINITIALIZED_AUTOS = YES_AGGRESSIVE;
				GCC_WARN_UNUSED_FUNCTION = YES;
				GCC_WARN_UNUSED_VARIABLE = YES;
				IPHONEOS_DEPLOYMENT_TARGET = 14.4;
				MTL_ENABLE_DEBUG_INFO = NO;
				MTL_FAST_MATH = YES;
				SDKROOT = iphoneos;
				SWIFT_COMPILATION_MODE = wholemodule;
				SWIFT_OPTIMIZATION_LEVEL = "-O";
				VALIDATE_PRODUCT = YES;
			};
			name = Release;
		};
		EEE36040262AD50A00FFA0AC /* Debug */ = {
			isa = XCBuildConfiguration;
			baseConfigurationReference = E0118BF1DB5604ADB7AE09FF /* Pods-iTunesSearchRxMvvm.debug.xcconfig */;
			buildSettings = {
				ASSETCATALOG_COMPILER_APPICON_NAME = AppIcon;
				ASSETCATALOG_COMPILER_GLOBAL_ACCENT_COLOR_NAME = AccentColor;
				CODE_SIGN_STYLE = Automatic;
				DEVELOPMENT_TEAM = 9P5Q4AVPH8;
				INFOPLIST_FILE = iTunesSearchRxMvvm/Info.plist;
				LD_RUNPATH_SEARCH_PATHS = (
					"$(inherited)",
					"@executable_path/Frameworks",
				);
				PRODUCT_BUNDLE_IDENTIFIER = com.dino.iTunesSearchRxMvvm;
				PRODUCT_NAME = "$(TARGET_NAME)";
				SWIFT_VERSION = 5.0;
				TARGETED_DEVICE_FAMILY = "1,2";
			};
			name = Debug;
		};
		EEE36041262AD50A00FFA0AC /* Release */ = {
			isa = XCBuildConfiguration;
			baseConfigurationReference = 1AF61BCA543C192AE30B8329 /* Pods-iTunesSearchRxMvvm.release.xcconfig */;
			buildSettings = {
				ASSETCATALOG_COMPILER_APPICON_NAME = AppIcon;
				ASSETCATALOG_COMPILER_GLOBAL_ACCENT_COLOR_NAME = AccentColor;
				CODE_SIGN_STYLE = Automatic;
				DEVELOPMENT_TEAM = 9P5Q4AVPH8;
				INFOPLIST_FILE = iTunesSearchRxMvvm/Info.plist;
				LD_RUNPATH_SEARCH_PATHS = (
					"$(inherited)",
					"@executable_path/Frameworks",
				);
				PRODUCT_BUNDLE_IDENTIFIER = com.dino.iTunesSearchRxMvvm;
				PRODUCT_NAME = "$(TARGET_NAME)";
				SWIFT_VERSION = 5.0;
				TARGETED_DEVICE_FAMILY = "1,2";
			};
			name = Release;
		};
/* End XCBuildConfiguration section */

/* Begin XCConfigurationList section */
		EEE36026262AD50700FFA0AC /* Build configuration list for PBXProject "iTunesSearchRxMvvm" */ = {
			isa = XCConfigurationList;
			buildConfigurations = (
				EEE3603D262AD50A00FFA0AC /* Debug */,
				EEE3603E262AD50A00FFA0AC /* Release */,
			);
			defaultConfigurationIsVisible = 0;
			defaultConfigurationName = Release;
		};
		EEE3603F262AD50A00FFA0AC /* Build configuration list for PBXNativeTarget "iTunesSearchRxMvvm" */ = {
			isa = XCConfigurationList;
			buildConfigurations = (
				EEE36040262AD50A00FFA0AC /* Debug */,
				EEE36041262AD50A00FFA0AC /* Release */,
			);
			defaultConfigurationIsVisible = 0;
			defaultConfigurationName = Release;
		};
/* End XCConfigurationList section */
	};
	rootObject = EEE36023262AD50700FFA0AC /* Project object */;
}
